
Microsoft Visual Studio Solution File, Format Version 12.00
# Visual Studio Version 17
VisualStudioVersion = 17.8.34316.72
MinimumVisualStudioVersion = 10.0.40219.1
Project("{9A19103F-16F7-4668-BE54-9A1E7A4F7556}") = "FitnessJournal", "FitnessJournal\FitnessJournal.csproj", "{FB2C44DB-3066-42EB-BF5D-87B576BA1AF7}"
EndProject
Project("{9A19103F-16F7-4668-BE54-9A1E7A4F7556}") = "FitnessJournal.Domain", "FitnessJournal.Domain\FitnessJournal.Domain.csproj", "{4943AF9A-2D15-46A1-9C7E-05A36F90F41C}"
EndProject
Project("{9A19103F-16F7-4668-BE54-9A1E7A4F7556}") = "FitnessJournal.Application", "FitnessJournal.Application\FitnessJournal.Application.csproj", "{4924F53F-98CD-4474-89C9-9010E923C5A7}"
EndProject
Project("{9A19103F-16F7-4668-BE54-9A1E7A4F7556}") = "FitnessJournal.Infrastructure", "FitnessJournal.Infrastructure\FitnessJournal.Infrastructure.csproj", "{24DA30E6-C002-4ECC-8894-5C1B8230AF54}"
EndProject
Project("{9A19103F-16F7-4668-BE54-9A1E7A4F7556}") = "Fitness.Blazor", "Fitness.Blazor\Fitness.Blazor\Fitness.Blazor.csproj", "{692C4A3F-7D58-4C55-B4E5-99267354E6EE}"
EndProject
Project("{9A19103F-16F7-4668-BE54-9A1E7A4F7556}") = "Fitness.Blazor.Client", "Fitness.Blazor\Fitness.Blazor.Client\Fitness.Blazor.Client.csproj", "{4C8B5E91-4DAC-4DD1-BF3D-C4A165944AB9}"
EndProject
Global
	GlobalSection(SolutionConfigurationPlatforms) = preSolution
		Debug|Any CPU = Debug|Any CPU
		Release|Any CPU = Release|Any CPU
	EndGlobalSection
	GlobalSection(ProjectConfigurationPlatforms) = postSolution
		{FB2C44DB-3066-42EB-BF5D-87B576BA1AF7}.Debug|Any CPU.ActiveCfg = Debug|Any CPU
		{FB2C44DB-3066-42EB-BF5D-87B576BA1AF7}.Debug|Any CPU.Build.0 = Debug|Any CPU
		{FB2C44DB-3066-42EB-BF5D-87B576BA1AF7}.Release|Any CPU.ActiveCfg = Release|Any CPU
		{FB2C44DB-3066-42EB-BF5D-87B576BA1AF7}.Release|Any CPU.Build.0 = Release|Any CPU
		{4943AF9A-2D15-46A1-9C7E-05A36F90F41C}.Debug|Any CPU.ActiveCfg = Debug|Any CPU
		{4943AF9A-2D15-46A1-9C7E-05A36F90F41C}.Debug|Any CPU.Build.0 = Debug|Any CPU
		{4943AF9A-2D15-46A1-9C7E-05A36F90F41C}.Release|Any CPU.ActiveCfg = Release|Any CPU
		{4943AF9A-2D15-46A1-9C7E-05A36F90F41C}.Release|Any CPU.Build.0 = Release|Any CPU
		{4924F53F-98CD-4474-89C9-9010E923C5A7}.Debug|Any CPU.ActiveCfg = Debug|Any CPU
		{4924F53F-98CD-4474-89C9-9010E923C5A7}.Debug|Any CPU.Build.0 = Debug|Any CPU
		{4924F53F-98CD-4474-89C9-9010E923C5A7}.Release|Any CPU.ActiveCfg = Release|Any CPU
		{4924F53F-98CD-4474-89C9-9010E923C5A7}.Release|Any CPU.Build.0 = Release|Any CPU
		{24DA30E6-C002-4ECC-8894-5C1B8230AF54}.Debug|Any CPU.ActiveCfg = Debug|Any CPU
		{24DA30E6-C002-4ECC-8894-5C1B8230AF54}.Debug|Any CPU.Build.0 = Debug|Any CPU
		{24DA30E6-C002-4ECC-8894-5C1B8230AF54}.Release|Any CPU.ActiveCfg = Release|Any CPU
		{24DA30E6-C002-4ECC-8894-5C1B8230AF54}.Release|Any CPU.Build.0 = Release|Any CPU
		{692C4A3F-7D58-4C55-B4E5-99267354E6EE}.Debug|Any CPU.ActiveCfg = Debug|Any CPU
		{692C4A3F-7D58-4C55-B4E5-99267354E6EE}.Debug|Any CPU.Build.0 = Debug|Any CPU
		{692C4A3F-7D58-4C55-B4E5-99267354E6EE}.Release|Any CPU.ActiveCfg = Release|Any CPU
		{692C4A3F-7D58-4C55-B4E5-99267354E6EE}.Release|Any CPU.Build.0 = Release|Any CPU
		{4C8B5E91-4DAC-4DD1-BF3D-C4A165944AB9}.Debug|Any CPU.ActiveCfg = Debug|Any CPU
		{4C8B5E91-4DAC-4DD1-BF3D-C4A165944AB9}.Debug|Any CPU.Build.0 = Debug|Any CPU
		{4C8B5E91-4DAC-4DD1-BF3D-C4A165944AB9}.Release|Any CPU.ActiveCfg = Release|Any CPU
		{4C8B5E91-4DAC-4DD1-BF3D-C4A165944AB9}.Release|Any CPU.Build.0 = Release|Any CPU
	EndGlobalSection
	GlobalSection(SolutionProperties) = preSolution
		HideSolutionNode = FALSE
	EndGlobalSection
	GlobalSection(ExtensibilityGlobals) = postSolution
		SolutionGuid = {7B97D0C8-4A72-403B-AEB4-0C512578062A}
	EndGlobalSection
EndGlobal
